// !$*UTF8*$!
{
	archiveVersion = 1;
	classes = {
	};
	objectVersion = 46;
	objects = {

/* Begin PBXBuildFile section */
		790521851CB6A3B000676BD2 /* Reachability.m in Sources */ = {isa = PBXBuildFile; fileRef = 790521841CB6A3B000676BD2 /* Reachability.m */; };
		790FDC781C8396E50081DE8E /* main.m in Sources */ = {isa = PBXBuildFile; fileRef = 790FDC771C8396E50081DE8E /* main.m */; };
		790FDC7B1C8396E50081DE8E /* AppDelegate.m in Sources */ = {isa = PBXBuildFile; fileRef = 790FDC7A1C8396E50081DE8E /* AppDelegate.m */; };
		790FDC811C8396E50081DE8E /* Main.storyboard in Resources */ = {isa = PBXBuildFile; fileRef = 790FDC7F1C8396E50081DE8E /* Main.storyboard */; };
		790FDC831C8396E50081DE8E /* Assets.xcassets in Resources */ = {isa = PBXBuildFile; fileRef = 790FDC821C8396E50081DE8E /* Assets.xcassets */; };
		790FDC861C8396E50081DE8E /* LaunchScreen.storyboard in Resources */ = {isa = PBXBuildFile; fileRef = 790FDC841C8396E50081DE8E /* LaunchScreen.storyboard */; };
		791EB60C1C91F13A00B02FC7 /* SearchPanel.xib in Resources */ = {isa = PBXBuildFile; fileRef = 791EB60B1C91F13A00B02FC7 /* SearchPanel.xib */; };
		791EB60F1C91F2F800B02FC7 /* SearchPanelView.m in Sources */ = {isa = PBXBuildFile; fileRef = 791EB60E1C91F2F800B02FC7 /* SearchPanelView.m */; };
		792373C81C99A330008F67C6 /* ObservationViewController.m in Sources */ = {isa = PBXBuildFile; fileRef = 792373C71C99A330008F67C6 /* ObservationViewController.m */; };
		792373CA1C99A367008F67C6 /* ObservationViewController.xib in Resources */ = {isa = PBXBuildFile; fileRef = 792373C91C99A367008F67C6 /* ObservationViewController.xib */; };
		792929DD1CAC6A0D00348399 /* Observation.m in Sources */ = {isa = PBXBuildFile; fileRef = 792929DC1CAC6A0D00348399 /* Observation.m */; };
		792929E01CB2C38400348399 /* UploadNavigationViewController.m in Sources */ = {isa = PBXBuildFile; fileRef = 792929DF1CB2C38400348399 /* UploadNavigationViewController.m */; };
		7956595E1CA34317003239CB /* VCUtility.m in Sources */ = {isa = PBXBuildFile; fileRef = 7956595D1CA34317003239CB /* VCUtility.m */; };
		795659631CA34BF9003239CB /* UploadViewController.xib in Resources */ = {isa = PBXBuildFile; fileRef = 795659621CA34BF9003239CB /* UploadViewController.xib */; };
		795659661CA34C27003239CB /* UploadViewController.m in Sources */ = {isa = PBXBuildFile; fileRef = 795659651CA34C27003239CB /* UploadViewController.m */; };
		796DA8791C84907500741F2D /* dios.plist in Resources */ = {isa = PBXBuildFile; fileRef = 796DA8781C84907500741F2D /* dios.plist */; };
		79C89C731CB7D34E00E34D3D /* UserLoginNavigationViewController.m in Sources */ = {isa = PBXBuildFile; fileRef = 79C89C721CB7D34E00E34D3D /* UserLoginNavigationViewController.m */; };
		79E380371CA31787006C8B31 /* drupal_ios_sdk.framework in Frameworks */ = {isa = PBXBuildFile; fileRef = 79E380361CA31787006C8B31 /* drupal_ios_sdk.framework */; };
		79E380391CA3178B006C8B31 /* KCFloatingActionButton.framework in Frameworks */ = {isa = PBXBuildFile; fileRef = 79E380381CA3178B006C8B31 /* KCFloatingActionButton.framework */; };
		79E3803D1CA33407006C8B31 /* LGPlusButtonsView.framework in Frameworks */ = {isa = PBXBuildFile; fileRef = 79E3803C1CA33407006C8B31 /* LGPlusButtonsView.framework */; };
		79E480D31C8B309A005047ED /* LoginViewController.m in Sources */ = {isa = PBXBuildFile; fileRef = 79E480D21C8B309A005047ED /* LoginViewController.m */; };
		79E480E21C907352005047ED /* SearchViewController.m in Sources */ = {isa = PBXBuildFile; fileRef = 79E480E11C907352005047ED /* SearchViewController.m */; };
		79E480E61C90CC5F005047ED /* SWRevealViewController.m in Sources */ = {isa = PBXBuildFile; fileRef = 79E480E51C90CC5F005047ED /* SWRevealViewController.m */; };
		79E480E91C90D0CA005047ED /* SideMenuViewController.m in Sources */ = {isa = PBXBuildFile; fileRef = 79E480E81C90D0CA005047ED /* SideMenuViewController.m */; };
		79E7A2B81CA08DCF00AB701F /* MapKit.framework in Frameworks */ = {isa = PBXBuildFile; fileRef = 79E7A2B71CA08DCF00AB701F /* MapKit.framework */; };
		79F1F5501C8692B800E73733 /* ObservationCollectionViewController.m in Sources */ = {isa = PBXBuildFile; fileRef = 79F1F54F1C8692B800E73733 /* ObservationCollectionViewController.m */; };
		79F1F5531C8692D300E73733 /* ObservationCollectionViewCell.m in Sources */ = {isa = PBXBuildFile; fileRef = 79F1F5521C8692D300E73733 /* ObservationCollectionViewCell.m */; };
		ABA04421A0D87EA9C31616A2 /* Pods_DrupalAPITester.framework in Frameworks */ = {isa = PBXBuildFile; fileRef = AE1A7F47067AE4E1F450875C /* Pods_DrupalAPITester.framework */; };
		FC4D16351CAD30E5000CA1DF /* Security.framework in Frameworks */ = {isa = PBXBuildFile; fileRef = FC4D16341CAD30E5000CA1DF /* Security.framework */; };
		FC67DC861CB487EF0043A8CA /* EditProfileViewController.m in Sources */ = {isa = PBXBuildFile; fileRef = FC67DC851CB487EF0043A8CA /* EditProfileViewController.m */; };
		FC7181EA1CAC9CB600D22462 /* UserViewController.m in Sources */ = {isa = PBXBuildFile; fileRef = FC7181E91CAC9CB600D22462 /* UserViewController.m */; };
		FC7929CF1CB3349700208481 /* UserRegisterViewController.m in Sources */ = {isa = PBXBuildFile; fileRef = FC7929CE1CB3349700208481 /* UserRegisterViewController.m */; };
/* End PBXBuildFile section */

/* Begin PBXFileReference section */
		1EA8BFD529523BBE789661B6 /* Pods-DrupalAPITester.release.xcconfig */ = {isa = PBXFileReference; includeInIndex = 1; lastKnownFileType = text.xcconfig; name = "Pods-DrupalAPITester.release.xcconfig"; path = "Pods/Target Support Files/Pods-DrupalAPITester/Pods-DrupalAPITester.release.xcconfig"; sourceTree = "<group>"; };
		69C17DE28DC32AFC96D683C4 /* Pods-DrupalAPITester.debug.xcconfig */ = {isa = PBXFileReference; includeInIndex = 1; lastKnownFileType = text.xcconfig; name = "Pods-DrupalAPITester.debug.xcconfig"; path = "Pods/Target Support Files/Pods-DrupalAPITester/Pods-DrupalAPITester.debug.xcconfig"; sourceTree = "<group>"; };
		790521831CB6A3B000676BD2 /* Reachability.h */ = {isa = PBXFileReference; fileEncoding = 4; lastKnownFileType = sourcecode.c.h; path = Reachability.h; sourceTree = "<group>"; };
		790521841CB6A3B000676BD2 /* Reachability.m */ = {isa = PBXFileReference; fileEncoding = 4; lastKnownFileType = sourcecode.c.objc; path = Reachability.m; sourceTree = "<group>"; };
		790FDC731C8396E50081DE8E /* DrupalAPITester.app */ = {isa = PBXFileReference; explicitFileType = wrapper.application; includeInIndex = 0; path = DrupalAPITester.app; sourceTree = BUILT_PRODUCTS_DIR; };
		790FDC771C8396E50081DE8E /* main.m */ = {isa = PBXFileReference; lastKnownFileType = sourcecode.c.objc; path = main.m; sourceTree = "<group>"; };
		790FDC791C8396E50081DE8E /* AppDelegate.h */ = {isa = PBXFileReference; lastKnownFileType = sourcecode.c.h; path = AppDelegate.h; sourceTree = "<group>"; };
		790FDC7A1C8396E50081DE8E /* AppDelegate.m */ = {isa = PBXFileReference; lastKnownFileType = sourcecode.c.objc; path = AppDelegate.m; sourceTree = "<group>"; };
		790FDC801C8396E50081DE8E /* Base */ = {isa = PBXFileReference; lastKnownFileType = file.storyboard; name = Base; path = Base.lproj/Main.storyboard; sourceTree = "<group>"; };
		790FDC821C8396E50081DE8E /* Assets.xcassets */ = {isa = PBXFileReference; lastKnownFileType = folder.assetcatalog; path = Assets.xcassets; sourceTree = "<group>"; };
		790FDC851C8396E50081DE8E /* Base */ = {isa = PBXFileReference; lastKnownFileType = file.storyboard; name = Base; path = Base.lproj/LaunchScreen.storyboard; sourceTree = "<group>"; };
		790FDC871C8396E50081DE8E /* Info.plist */ = {isa = PBXFileReference; lastKnownFileType = text.plist.xml; path = Info.plist; sourceTree = "<group>"; };
		791EB60B1C91F13A00B02FC7 /* SearchPanel.xib */ = {isa = PBXFileReference; fileEncoding = 4; lastKnownFileType = file.xib; path = SearchPanel.xib; sourceTree = "<group>"; };
		791EB60D1C91F2F800B02FC7 /* SearchPanelView.h */ = {isa = PBXFileReference; fileEncoding = 4; lastKnownFileType = sourcecode.c.h; path = SearchPanelView.h; sourceTree = "<group>"; };
		791EB60E1C91F2F800B02FC7 /* SearchPanelView.m */ = {isa = PBXFileReference; fileEncoding = 4; lastKnownFileType = sourcecode.c.objc; path = SearchPanelView.m; sourceTree = "<group>"; };
		792373C61C99A330008F67C6 /* ObservationViewController.h */ = {isa = PBXFileReference; fileEncoding = 4; lastKnownFileType = sourcecode.c.h; path = ObservationViewController.h; sourceTree = "<group>"; };
		792373C71C99A330008F67C6 /* ObservationViewController.m */ = {isa = PBXFileReference; fileEncoding = 4; lastKnownFileType = sourcecode.c.objc; path = ObservationViewController.m; sourceTree = "<group>"; };
		792373C91C99A367008F67C6 /* ObservationViewController.xib */ = {isa = PBXFileReference; fileEncoding = 4; lastKnownFileType = file.xib; name = ObservationViewController.xib; path = ../ObservationViewController.xib; sourceTree = "<group>"; };
		792929DB1CAC6A0D00348399 /* Observation.h */ = {isa = PBXFileReference; fileEncoding = 4; lastKnownFileType = sourcecode.c.h; path = Observation.h; sourceTree = "<group>"; };
		792929DC1CAC6A0D00348399 /* Observation.m */ = {isa = PBXFileReference; fileEncoding = 4; lastKnownFileType = sourcecode.c.objc; path = Observation.m; sourceTree = "<group>"; };
		792929DE1CB2C38400348399 /* UploadNavigationViewController.h */ = {isa = PBXFileReference; fileEncoding = 4; lastKnownFileType = sourcecode.c.h; path = UploadNavigationViewController.h; sourceTree = "<group>"; };
		792929DF1CB2C38400348399 /* UploadNavigationViewController.m */ = {isa = PBXFileReference; fileEncoding = 4; lastKnownFileType = sourcecode.c.objc; path = UploadNavigationViewController.m; sourceTree = "<group>"; };
		7956595C1CA34317003239CB /* VCUtility.h */ = {isa = PBXFileReference; fileEncoding = 4; lastKnownFileType = sourcecode.c.h; path = VCUtility.h; sourceTree = "<group>"; };
		7956595D1CA34317003239CB /* VCUtility.m */ = {isa = PBXFileReference; fileEncoding = 4; lastKnownFileType = sourcecode.c.objc; path = VCUtility.m; sourceTree = "<group>"; };
		795659621CA34BF9003239CB /* UploadViewController.xib */ = {isa = PBXFileReference; fileEncoding = 4; lastKnownFileType = file.xib; path = UploadViewController.xib; sourceTree = "<group>"; };
		795659641CA34C27003239CB /* UploadViewController.h */ = {isa = PBXFileReference; fileEncoding = 4; lastKnownFileType = sourcecode.c.h; path = UploadViewController.h; sourceTree = "<group>"; };
		795659651CA34C27003239CB /* UploadViewController.m */ = {isa = PBXFileReference; fileEncoding = 4; lastKnownFileType = sourcecode.c.objc; path = UploadViewController.m; sourceTree = "<group>"; };
		796DA8781C84907500741F2D /* dios.plist */ = {isa = PBXFileReference; fileEncoding = 4; lastKnownFileType = text.plist.xml; path = dios.plist; sourceTree = "<group>"; };
		79C89C711CB7D34E00E34D3D /* UserLoginNavigationViewController.h */ = {isa = PBXFileReference; fileEncoding = 4; lastKnownFileType = sourcecode.c.h; path = UserLoginNavigationViewController.h; sourceTree = "<group>"; };
		79C89C721CB7D34E00E34D3D /* UserLoginNavigationViewController.m */ = {isa = PBXFileReference; fileEncoding = 4; lastKnownFileType = sourcecode.c.objc; path = UserLoginNavigationViewController.m; sourceTree = "<group>"; };
		79E380361CA31787006C8B31 /* drupal_ios_sdk.framework */ = {isa = PBXFileReference; lastKnownFileType = wrapper.framework; name = drupal_ios_sdk.framework; path = "../../../../Library/Developer/Xcode/DerivedData/DrupalAPITester-gbhjxbpsmgnghmesnhetlltzjszy/Build/Products/Debug-iphonesimulator/drupal_ios_sdk.framework"; sourceTree = "<group>"; };
		79E380381CA3178B006C8B31 /* KCFloatingActionButton.framework */ = {isa = PBXFileReference; lastKnownFileType = wrapper.framework; name = KCFloatingActionButton.framework; path = "../../../../Library/Developer/Xcode/DerivedData/DrupalAPITester-gbhjxbpsmgnghmesnhetlltzjszy/Build/Products/Debug-iphonesimulator/KCFloatingActionButton.framework"; sourceTree = "<group>"; };
		79E3803A1CA333B5006C8B31 /* LGPlusButtonsView.framework */ = {isa = PBXFileReference; lastKnownFileType = wrapper.framework; name = LGPlusButtonsView.framework; path = "Pods/../build/Debug-iphoneos/LGPlusButtonsView.framework"; sourceTree = "<group>"; };
		79E3803C1CA33407006C8B31 /* LGPlusButtonsView.framework */ = {isa = PBXFileReference; lastKnownFileType = wrapper.framework; name = LGPlusButtonsView.framework; path = "Pods/../build/Debug-iphoneos/LGPlusButtonsView.framework"; sourceTree = "<group>"; };
		79E480D11C8B309A005047ED /* LoginViewController.h */ = {isa = PBXFileReference; fileEncoding = 4; lastKnownFileType = sourcecode.c.h; name = LoginViewController.h; path = DrupalAPITester/LoginViewController.h; sourceTree = "<group>"; };
		79E480D21C8B309A005047ED /* LoginViewController.m */ = {isa = PBXFileReference; fileEncoding = 4; lastKnownFileType = sourcecode.c.objc; name = LoginViewController.m; path = DrupalAPITester/LoginViewController.m; sourceTree = "<group>"; };
		79E480E01C907352005047ED /* SearchViewController.h */ = {isa = PBXFileReference; fileEncoding = 4; lastKnownFileType = sourcecode.c.h; path = SearchViewController.h; sourceTree = "<group>"; };
		79E480E11C907352005047ED /* SearchViewController.m */ = {isa = PBXFileReference; fileEncoding = 4; lastKnownFileType = sourcecode.c.objc; path = SearchViewController.m; sourceTree = "<group>"; };
		79E480E41C90CC5F005047ED /* SWRevealViewController.h */ = {isa = PBXFileReference; fileEncoding = 4; lastKnownFileType = sourcecode.c.h; path = SWRevealViewController.h; sourceTree = "<group>"; };
		79E480E51C90CC5F005047ED /* SWRevealViewController.m */ = {isa = PBXFileReference; fileEncoding = 4; lastKnownFileType = sourcecode.c.objc; path = SWRevealViewController.m; sourceTree = "<group>"; };
		79E480E71C90D0CA005047ED /* SideMenuViewController.h */ = {isa = PBXFileReference; fileEncoding = 4; lastKnownFileType = sourcecode.c.h; path = SideMenuViewController.h; sourceTree = "<group>"; };
		79E480E81C90D0CA005047ED /* SideMenuViewController.m */ = {isa = PBXFileReference; fileEncoding = 4; lastKnownFileType = sourcecode.c.objc; path = SideMenuViewController.m; sourceTree = "<group>"; };
		79E7A2B71CA08DCF00AB701F /* MapKit.framework */ = {isa = PBXFileReference; lastKnownFileType = wrapper.framework; name = MapKit.framework; path = System/Library/Frameworks/MapKit.framework; sourceTree = SDKROOT; };
		79F1F54E1C8692B800E73733 /* ObservationCollectionViewController.h */ = {isa = PBXFileReference; fileEncoding = 4; lastKnownFileType = sourcecode.c.h; path = ObservationCollectionViewController.h; sourceTree = "<group>"; };
		79F1F54F1C8692B800E73733 /* ObservationCollectionViewController.m */ = {isa = PBXFileReference; fileEncoding = 4; lastKnownFileType = sourcecode.c.objc; path = ObservationCollectionViewController.m; sourceTree = "<group>"; };
		79F1F5511C8692D300E73733 /* ObservationCollectionViewCell.h */ = {isa = PBXFileReference; fileEncoding = 4; lastKnownFileType = sourcecode.c.h; path = ObservationCollectionViewCell.h; sourceTree = "<group>"; };
		79F1F5521C8692D300E73733 /* ObservationCollectionViewCell.m */ = {isa = PBXFileReference; fileEncoding = 4; lastKnownFileType = sourcecode.c.objc; path = ObservationCollectionViewCell.m; sourceTree = "<group>"; };
		AE1A7F47067AE4E1F450875C /* Pods_DrupalAPITester.framework */ = {isa = PBXFileReference; explicitFileType = wrapper.framework; includeInIndex = 0; path = Pods_DrupalAPITester.framework; sourceTree = BUILT_PRODUCTS_DIR; };
		FC4D16341CAD30E5000CA1DF /* Security.framework */ = {isa = PBXFileReference; lastKnownFileType = wrapper.framework; name = Security.framework; path = System/Library/Frameworks/Security.framework; sourceTree = SDKROOT; };
		FC67DC841CB487EF0043A8CA /* EditProfileViewController.h */ = {isa = PBXFileReference; fileEncoding = 4; lastKnownFileType = sourcecode.c.h; name = EditProfileViewController.h; path = DrupalAPITester/EditProfileViewController.h; sourceTree = "<group>"; };
		FC67DC851CB487EF0043A8CA /* EditProfileViewController.m */ = {isa = PBXFileReference; fileEncoding = 4; lastKnownFileType = sourcecode.c.objc; name = EditProfileViewController.m; path = DrupalAPITester/EditProfileViewController.m; sourceTree = "<group>"; };
		FC7181E81CAC9CB600D22462 /* UserViewController.h */ = {isa = PBXFileReference; fileEncoding = 4; lastKnownFileType = sourcecode.c.h; path = UserViewController.h; sourceTree = "<group>"; };
		FC7181E91CAC9CB600D22462 /* UserViewController.m */ = {isa = PBXFileReference; fileEncoding = 4; lastKnownFileType = sourcecode.c.objc; path = UserViewController.m; sourceTree = "<group>"; };
		FC7929CD1CB3349700208481 /* UserRegisterViewController.h */ = {isa = PBXFileReference; fileEncoding = 4; lastKnownFileType = sourcecode.c.h; name = UserRegisterViewController.h; path = DrupalAPITester/UserRegisterViewController.h; sourceTree = "<group>"; };
		FC7929CE1CB3349700208481 /* UserRegisterViewController.m */ = {isa = PBXFileReference; fileEncoding = 4; lastKnownFileType = sourcecode.c.objc; name = UserRegisterViewController.m; path = DrupalAPITester/UserRegisterViewController.m; sourceTree = "<group>"; };
/* End PBXFileReference section */

/* Begin PBXFrameworksBuildPhase section */
		790FDC701C8396E50081DE8E /* Frameworks */ = {
			isa = PBXFrameworksBuildPhase;
			buildActionMask = 2147483647;
			files = (
				FC4D16351CAD30E5000CA1DF /* Security.framework in Frameworks */,
				79E3803D1CA33407006C8B31 /* LGPlusButtonsView.framework in Frameworks */,
				79E380391CA3178B006C8B31 /* KCFloatingActionButton.framework in Frameworks */,
				79E380371CA31787006C8B31 /* drupal_ios_sdk.framework in Frameworks */,
				79E7A2B81CA08DCF00AB701F /* MapKit.framework in Frameworks */,
				ABA04421A0D87EA9C31616A2 /* Pods_DrupalAPITester.framework in Frameworks */,
			);
			runOnlyForDeploymentPostprocessing = 0;
		};
/* End PBXFrameworksBuildPhase section */

/* Begin PBXGroup section */
		2D67848F78CB0E08CD819AE4 /* Frameworks */ = {
			isa = PBXGroup;
			children = (
				FC4D16341CAD30E5000CA1DF /* Security.framework */,
				79E3803C1CA33407006C8B31 /* LGPlusButtonsView.framework */,
				79E3803A1CA333B5006C8B31 /* LGPlusButtonsView.framework */,
				79E380381CA3178B006C8B31 /* KCFloatingActionButton.framework */,
				79E380361CA31787006C8B31 /* drupal_ios_sdk.framework */,
				79E7A2B71CA08DCF00AB701F /* MapKit.framework */,
				AE1A7F47067AE4E1F450875C /* Pods_DrupalAPITester.framework */,
			);
			name = Frameworks;
			sourceTree = "<group>";
		};
		790521821CB6A39500676BD2 /* Network_Check */ = {
			isa = PBXGroup;
			children = (
				790521831CB6A3B000676BD2 /* Reachability.h */,
				790521841CB6A3B000676BD2 /* Reachability.m */,
			);
			name = Network_Check;
			sourceTree = "<group>";
		};
		790FDC6A1C8396E50081DE8E = {
			isa = PBXGroup;
			children = (
				790FDC751C8396E50081DE8E /* DrupalAPITester */,
				790FDC741C8396E50081DE8E /* Products */,
				BA0A41DBE963EEC03A6B23E9 /* Pods */,
				2D67848F78CB0E08CD819AE4 /* Frameworks */,
			);
			sourceTree = "<group>";
		};
		790FDC741C8396E50081DE8E /* Products */ = {
			isa = PBXGroup;
			children = (
				790FDC731C8396E50081DE8E /* DrupalAPITester.app */,
			);
			name = Products;
			sourceTree = "<group>";
		};
		790FDC751C8396E50081DE8E /* DrupalAPITester */ = {
			isa = PBXGroup;
			children = (
				79E480E31C90CC34005047ED /* SWRevealViewController */,
				796DA8781C84907500741F2D /* dios.plist */,
				790FDC791C8396E50081DE8E /* AppDelegate.h */,
				790FDC7A1C8396E50081DE8E /* AppDelegate.m */,
				7956595A1CA34291003239CB /* Interface_Files */,
				79C89C711CB7D34E00E34D3D /* UserLoginNavigationViewController.h */,
				79C89C721CB7D34E00E34D3D /* UserLoginNavigationViewController.m */,
				795659581CA34237003239CB /* Observation */,
				795659571CA3422B003239CB /* Newest_Observations */,
				790521821CB6A39500676BD2 /* Network_Check */,
				795659561CA34206003239CB /* Search */,
				795659591CA3425B003239CB /* Side_Menu */,
				795659611CA34975003239CB /* Upload */,
				FC7181E71CAC94C900D22462 /* User and Login */,
				7956595B1CA342A6003239CB /* Utility */,
				790FDC821C8396E50081DE8E /* Assets.xcassets */,
				790FDC871C8396E50081DE8E /* Info.plist */,
				790FDC761C8396E50081DE8E /* Supporting Files */,
			);
			path = DrupalAPITester;
			sourceTree = "<group>";
		};
		790FDC761C8396E50081DE8E /* Supporting Files */ = {
			isa = PBXGroup;
			children = (
				790FDC771C8396E50081DE8E /* main.m */,
			);
			name = "Supporting Files";
			sourceTree = "<group>";
		};
		795659561CA34206003239CB /* Search */ = {
			isa = PBXGroup;
			children = (
				791EB60D1C91F2F800B02FC7 /* SearchPanelView.h */,
				791EB60E1C91F2F800B02FC7 /* SearchPanelView.m */,
				79E480E01C907352005047ED /* SearchViewController.h */,
				79E480E11C907352005047ED /* SearchViewController.m */,
			);
			name = Search;
			sourceTree = "<group>";
		};
		795659571CA3422B003239CB /* Newest_Observations */ = {
			isa = PBXGroup;
			children = (
				79F1F54E1C8692B800E73733 /* ObservationCollectionViewController.h */,
				79F1F54F1C8692B800E73733 /* ObservationCollectionViewController.m */,
			);
			name = Newest_Observations;
			sourceTree = "<group>";
		};
		795659581CA34237003239CB /* Observation */ = {
			isa = PBXGroup;
			children = (
				792929DB1CAC6A0D00348399 /* Observation.h */,
				792929DC1CAC6A0D00348399 /* Observation.m */,
				79F1F5511C8692D300E73733 /* ObservationCollectionViewCell.h */,
				79F1F5521C8692D300E73733 /* ObservationCollectionViewCell.m */,
				792373C61C99A330008F67C6 /* ObservationViewController.h */,
				792373C71C99A330008F67C6 /* ObservationViewController.m */,
			);
			name = Observation;
			sourceTree = "<group>";
		};
		795659591CA3425B003239CB /* Side_Menu */ = {
			isa = PBXGroup;
			children = (
				79E480E71C90D0CA005047ED /* SideMenuViewController.h */,
				79E480E81C90D0CA005047ED /* SideMenuViewController.m */,
			);
			name = Side_Menu;
			sourceTree = "<group>";
		};
		7956595A1CA34291003239CB /* Interface_Files */ = {
			isa = PBXGroup;
			children = (
				790FDC841C8396E50081DE8E /* LaunchScreen.storyboard */,
				790FDC7F1C8396E50081DE8E /* Main.storyboard */,
				792373C91C99A367008F67C6 /* ObservationViewController.xib */,
				795659621CA34BF9003239CB /* UploadViewController.xib */,
				791EB60B1C91F13A00B02FC7 /* SearchPanel.xib */,
			);
			name = Interface_Files;
			sourceTree = "<group>";
		};
		7956595B1CA342A6003239CB /* Utility */ = {
			isa = PBXGroup;
			children = (
				7956595C1CA34317003239CB /* VCUtility.h */,
				7956595D1CA34317003239CB /* VCUtility.m */,
			);
			name = Utility;
			sourceTree = "<group>";
		};
		795659611CA34975003239CB /* Upload */ = {
			isa = PBXGroup;
			children = (
				792929DE1CB2C38400348399 /* UploadNavigationViewController.h */,
				792929DF1CB2C38400348399 /* UploadNavigationViewController.m */,
				795659641CA34C27003239CB /* UploadViewController.h */,
				795659651CA34C27003239CB /* UploadViewController.m */,
			);
			name = Upload;
			sourceTree = "<group>";
		};
		79E480E31C90CC34005047ED /* SWRevealViewController */ = {
			isa = PBXGroup;
			children = (
				79E480E41C90CC5F005047ED /* SWRevealViewController.h */,
				79E480E51C90CC5F005047ED /* SWRevealViewController.m */,
			);
			name = SWRevealViewController;
			sourceTree = "<group>";
		};
		BA0A41DBE963EEC03A6B23E9 /* Pods */ = {
			isa = PBXGroup;
			children = (
				69C17DE28DC32AFC96D683C4 /* Pods-DrupalAPITester.debug.xcconfig */,
				1EA8BFD529523BBE789661B6 /* Pods-DrupalAPITester.release.xcconfig */,
			);
			name = Pods;
			sourceTree = "<group>";
		};
		FC7181E71CAC94C900D22462 /* User and Login */ = {
			isa = PBXGroup;
			children = (
				79E480D11C8B309A005047ED /* LoginViewController.h */,
				79E480D21C8B309A005047ED /* LoginViewController.m */,
				FC7929CD1CB3349700208481 /* UserRegisterViewController.h */,
				FC7929CE1CB3349700208481 /* UserRegisterViewController.m */,
				FC7181E81CAC9CB600D22462 /* UserViewController.h */,
				FC7181E91CAC9CB600D22462 /* UserViewController.m */,
				FC67DC841CB487EF0043A8CA /* EditProfileViewController.h */,
				FC67DC851CB487EF0043A8CA /* EditProfileViewController.m */,
			);
			name = "User and Login";
			path = ..;
			sourceTree = "<group>";
		};
/* End PBXGroup section */

/* Begin PBXNativeTarget section */
		790FDC721C8396E50081DE8E /* DrupalAPITester */ = {
			isa = PBXNativeTarget;
			buildConfigurationList = 790FDC8A1C8396E50081DE8E /* Build configuration list for PBXNativeTarget "DrupalAPITester" */;
			buildPhases = (
				3A6C633D25B33CD07526E1D5 /* Check Pods Manifest.lock */,
				790FDC6F1C8396E50081DE8E /* Sources */,
				790FDC701C8396E50081DE8E /* Frameworks */,
				790FDC711C8396E50081DE8E /* Resources */,
				E30377D3F07FB00DD62B3958 /* Embed Pods Frameworks */,
				4035A85B0DA3E251F5D5D059 /* Copy Pods Resources */,
			);
			buildRules = (
			);
			dependencies = (
			);
			name = DrupalAPITester;
			productName = DrupalAPITester;
			productReference = 790FDC731C8396E50081DE8E /* DrupalAPITester.app */;
			productType = "com.apple.product-type.application";
		};
/* End PBXNativeTarget section */

/* Begin PBXProject section */
		790FDC6B1C8396E50081DE8E /* Project object */ = {
			isa = PBXProject;
			attributes = {
				LastUpgradeCheck = 0720;
				ORGANIZATIONNAME = "William Millington";
				TargetAttributes = {
					790FDC721C8396E50081DE8E = {
						CreatedOnToolsVersion = 7.2.1;
						DevelopmentTeam = 96DC6YV3DR;
					};
				};
			};
			buildConfigurationList = 790FDC6E1C8396E50081DE8E /* Build configuration list for PBXProject "DrupalAPITester" */;
			compatibilityVersion = "Xcode 3.2";
			developmentRegion = English;
			hasScannedForEncodings = 0;
			knownRegions = (
				en,
				Base,
			);
			mainGroup = 790FDC6A1C8396E50081DE8E;
			productRefGroup = 790FDC741C8396E50081DE8E /* Products */;
			projectDirPath = "";
			projectRoot = "";
			targets = (
				790FDC721C8396E50081DE8E /* DrupalAPITester */,
			);
		};
/* End PBXProject section */

/* Begin PBXResourcesBuildPhase section */
		790FDC711C8396E50081DE8E /* Resources */ = {
			isa = PBXResourcesBuildPhase;
			buildActionMask = 2147483647;
			files = (
				795659631CA34BF9003239CB /* UploadViewController.xib in Resources */,
				790FDC861C8396E50081DE8E /* LaunchScreen.storyboard in Resources */,
				790FDC831C8396E50081DE8E /* Assets.xcassets in Resources */,
				796DA8791C84907500741F2D /* dios.plist in Resources */,
				792373CA1C99A367008F67C6 /* ObservationViewController.xib in Resources */,
				790FDC811C8396E50081DE8E /* Main.storyboard in Resources */,
				791EB60C1C91F13A00B02FC7 /* SearchPanel.xib in Resources */,
			);
			runOnlyForDeploymentPostprocessing = 0;
		};
/* End PBXResourcesBuildPhase section */

/* Begin PBXShellScriptBuildPhase section */
		3A6C633D25B33CD07526E1D5 /* Check Pods Manifest.lock */ = {
			isa = PBXShellScriptBuildPhase;
			buildActionMask = 2147483647;
			files = (
			);
			inputPaths = (
			);
			name = "Check Pods Manifest.lock";
			outputPaths = (
			);
			runOnlyForDeploymentPostprocessing = 0;
			shellPath = /bin/sh;
			shellScript = "diff \"${PODS_ROOT}/../Podfile.lock\" \"${PODS_ROOT}/Manifest.lock\" > /dev/null\nif [[ $? != 0 ]] ; then\n    cat << EOM\nerror: The sandbox is not in sync with the Podfile.lock. Run 'pod install' or update your CocoaPods installation.\nEOM\n    exit 1\nfi\n";
			showEnvVarsInLog = 0;
		};
		4035A85B0DA3E251F5D5D059 /* Copy Pods Resources */ = {
			isa = PBXShellScriptBuildPhase;
			buildActionMask = 2147483647;
			files = (
			);
			inputPaths = (
			);
			name = "Copy Pods Resources";
			outputPaths = (
			);
			runOnlyForDeploymentPostprocessing = 0;
			shellPath = /bin/sh;
			shellScript = "\"${SRCROOT}/Pods/Target Support Files/Pods-DrupalAPITester/Pods-DrupalAPITester-resources.sh\"\n";
			showEnvVarsInLog = 0;
		};
		E30377D3F07FB00DD62B3958 /* Embed Pods Frameworks */ = {
			isa = PBXShellScriptBuildPhase;
			buildActionMask = 2147483647;
			files = (
			);
			inputPaths = (
			);
			name = "Embed Pods Frameworks";
			outputPaths = (
			);
			runOnlyForDeploymentPostprocessing = 0;
			shellPath = /bin/sh;
			shellScript = "\"${SRCROOT}/Pods/Target Support Files/Pods-DrupalAPITester/Pods-DrupalAPITester-frameworks.sh\"\n";
			showEnvVarsInLog = 0;
		};
/* End PBXShellScriptBuildPhase section */

/* Begin PBXSourcesBuildPhase section */
		790FDC6F1C8396E50081DE8E /* Sources */ = {
			isa = PBXSourcesBuildPhase;
			buildActionMask = 2147483647;
			files = (
				79E480E91C90D0CA005047ED /* SideMenuViewController.m in Sources */,
				792929DD1CAC6A0D00348399 /* Observation.m in Sources */,
				792373C81C99A330008F67C6 /* ObservationViewController.m in Sources */,
				7956595E1CA34317003239CB /* VCUtility.m in Sources */,
				790FDC7B1C8396E50081DE8E /* AppDelegate.m in Sources */,
				79C89C731CB7D34E00E34D3D /* UserLoginNavigationViewController.m in Sources */,
				79E480D31C8B309A005047ED /* LoginViewController.m in Sources */,
				FC7181EA1CAC9CB600D22462 /* UserViewController.m in Sources */,
				79F1F5531C8692D300E73733 /* ObservationCollectionViewCell.m in Sources */,
				795659661CA34C27003239CB /* UploadViewController.m in Sources */,
				791EB60F1C91F2F800B02FC7 /* SearchPanelView.m in Sources */,
				FC7929CF1CB3349700208481 /* UserRegisterViewController.m in Sources */,
				79E480E61C90CC5F005047ED /* SWRevealViewController.m in Sources */,
				790FDC781C8396E50081DE8E /* main.m in Sources */,
				FC67DC861CB487EF0043A8CA /* EditProfileViewController.m in Sources */,
				79E480E21C907352005047ED /* SearchViewController.m in Sources */,
				792929E01CB2C38400348399 /* UploadNavigationViewController.m in Sources */,
				79F1F5501C8692B800E73733 /* ObservationCollectionViewController.m in Sources */,
				790521851CB6A3B000676BD2 /* Reachability.m in Sources */,
			);
			runOnlyForDeploymentPostprocessing = 0;
		};
/* End PBXSourcesBuildPhase section */

/* Begin PBXVariantGroup section */
		790FDC7F1C8396E50081DE8E /* Main.storyboard */ = {
			isa = PBXVariantGroup;
			children = (
				790FDC801C8396E50081DE8E /* Base */,
			);
			name = Main.storyboard;
			sourceTree = "<group>";
		};
		790FDC841C8396E50081DE8E /* LaunchScreen.storyboard */ = {
			isa = PBXVariantGroup;
			children = (
				790FDC851C8396E50081DE8E /* Base */,
			);
			name = LaunchScreen.storyboard;
			sourceTree = "<group>";
		};
/* End PBXVariantGroup section */

/* Begin XCBuildConfiguration section */
		790FDC881C8396E50081DE8E /* Debug */ = {
			isa = XCBuildConfiguration;
			buildSettings = {
				ALWAYS_SEARCH_USER_PATHS = NO;
				CLANG_CXX_LANGUAGE_STANDARD = "gnu++0x";
				CLANG_CXX_LIBRARY = "libc++";
				CLANG_ENABLE_MODULES = YES;
				CLANG_ENABLE_OBJC_ARC = YES;
				CLANG_WARN_BOOL_CONVERSION = YES;
				CLANG_WARN_CONSTANT_CONVERSION = YES;
				CLANG_WARN_DIRECT_OBJC_ISA_USAGE = YES_ERROR;
				CLANG_WARN_EMPTY_BODY = YES;
				CLANG_WARN_ENUM_CONVERSION = YES;
				CLANG_WARN_INT_CONVERSION = YES;
				CLANG_WARN_OBJC_ROOT_CLASS = YES_ERROR;
				CLANG_WARN_UNREACHABLE_CODE = YES;
				CLANG_WARN__DUPLICATE_METHOD_MATCH = YES;
				"CODE_SIGN_IDENTITY[sdk=iphoneos*]" = "iPhone Developer";
				COPY_PHASE_STRIP = NO;
				DEBUG_INFORMATION_FORMAT = dwarf;
				ENABLE_STRICT_OBJC_MSGSEND = YES;
				ENABLE_TESTABILITY = YES;
				GCC_C_LANGUAGE_STANDARD = gnu99;
				GCC_DYNAMIC_NO_PIC = NO;
				GCC_NO_COMMON_BLOCKS = YES;
				GCC_OPTIMIZATION_LEVEL = 0;
				GCC_PREPROCESSOR_DEFINITIONS = (
					"DEBUG=1",
					"$(inherited)",
				);
				GCC_WARN_64_TO_32_BIT_CONVERSION = YES;
				GCC_WARN_ABOUT_RETURN_TYPE = YES_ERROR;
				GCC_WARN_UNDECLARED_SELECTOR = YES;
				GCC_WARN_UNINITIALIZED_AUTOS = YES_AGGRESSIVE;
				GCC_WARN_UNUSED_FUNCTION = YES;
				GCC_WARN_UNUSED_VARIABLE = YES;
				IPHONEOS_DEPLOYMENT_TARGET = 9.2;
				MTL_ENABLE_DEBUG_INFO = YES;
				ONLY_ACTIVE_ARCH = YES;
				SDKROOT = iphoneos;
			};
			name = Debug;
		};
		790FDC891C8396E50081DE8E /* Release */ = {
			isa = XCBuildConfiguration;
			buildSettings = {
				ALWAYS_SEARCH_USER_PATHS = NO;
				CLANG_CXX_LANGUAGE_STANDARD = "gnu++0x";
				CLANG_CXX_LIBRARY = "libc++";
				CLANG_ENABLE_MODULES = YES;
				CLANG_ENABLE_OBJC_ARC = YES;
				CLANG_WARN_BOOL_CONVERSION = YES;
				CLANG_WARN_CONSTANT_CONVERSION = YES;
				CLANG_WARN_DIRECT_OBJC_ISA_USAGE = YES_ERROR;
				CLANG_WARN_EMPTY_BODY = YES;
				CLANG_WARN_ENUM_CONVERSION = YES;
				CLANG_WARN_INT_CONVERSION = YES;
				CLANG_WARN_OBJC_ROOT_CLASS = YES_ERROR;
				CLANG_WARN_UNREACHABLE_CODE = YES;
				CLANG_WARN__DUPLICATE_METHOD_MATCH = YES;
				"CODE_SIGN_IDENTITY[sdk=iphoneos*]" = "iPhone Developer";
				COPY_PHASE_STRIP = NO;
				DEBUG_INFORMATION_FORMAT = "dwarf-with-dsym";
				ENABLE_NS_ASSERTIONS = NO;
				ENABLE_STRICT_OBJC_MSGSEND = YES;
				GCC_C_LANGUAGE_STANDARD = gnu99;
				GCC_NO_COMMON_BLOCKS = YES;
				GCC_WARN_64_TO_32_BIT_CONVERSION = YES;
				GCC_WARN_ABOUT_RETURN_TYPE = YES_ERROR;
				GCC_WARN_UNDECLARED_SELECTOR = YES;
				GCC_WARN_UNINITIALIZED_AUTOS = YES_AGGRESSIVE;
				GCC_WARN_UNUSED_FUNCTION = YES;
				GCC_WARN_UNUSED_VARIABLE = YES;
				IPHONEOS_DEPLOYMENT_TARGET = 9.2;
				MTL_ENABLE_DEBUG_INFO = NO;
				SDKROOT = iphoneos;
				VALIDATE_PRODUCT = YES;
			};
			name = Release;
		};
		790FDC8B1C8396E50081DE8E /* Debug */ = {
			isa = XCBuildConfiguration;
			baseConfigurationReference = 69C17DE28DC32AFC96D683C4 /* Pods-DrupalAPITester.debug.xcconfig */;
			buildSettings = {
				ASSETCATALOG_COMPILER_APPICON_NAME = AppIcon;
				CODE_SIGN_IDENTITY = "iPhone Developer";
				"CODE_SIGN_IDENTITY[sdk=iphoneos*]" = "iPhone Developer";
				FRAMEWORK_SEARCH_PATHS = (
					"$(inherited)",
					"$(PROJECT_DIR)/build/Debug-iphoneos",
				);
				INFOPLIST_FILE = DrupalAPITester/Info.plist;
				IPHONEOS_DEPLOYMENT_TARGET = 8.0;
				LD_RUNPATH_SEARCH_PATHS = "$(inherited) @executable_path/Frameworks";
				PRODUCT_BUNDLE_IDENTIFIER = com.william.DrupalAPITester;
				PRODUCT_NAME = "$(TARGET_NAME)";
				PROVISIONING_PROFILE = "";
				TARGETED_DEVICE_FAMILY = 1;
			};
			name = Debug;
		};
		790FDC8C1C8396E50081DE8E /* Release */ = {
			isa = XCBuildConfiguration;
			baseConfigurationReference = 1EA8BFD529523BBE789661B6 /* Pods-DrupalAPITester.release.xcconfig */;
			buildSettings = {
				ASSETCATALOG_COMPILER_APPICON_NAME = AppIcon;
				CODE_SIGN_IDENTITY = "iPhone Developer";
				"CODE_SIGN_IDENTITY[sdk=iphoneos*]" = "iPhone Developer";
				FRAMEWORK_SEARCH_PATHS = (
					"$(inherited)",
					"$(PROJECT_DIR)/build/Debug-iphoneos",
				);
				INFOPLIST_FILE = DrupalAPITester/Info.plist;
				IPHONEOS_DEPLOYMENT_TARGET = 8.0;
				LD_RUNPATH_SEARCH_PATHS = "$(inherited) @executable_path/Frameworks";
				PRODUCT_BUNDLE_IDENTIFIER = com.william.DrupalAPITester;
				PRODUCT_NAME = "$(TARGET_NAME)";
				PROVISIONING_PROFILE = "";
				TARGETED_DEVICE_FAMILY = 1;
			};
			name = Release;
		};
/* End XCBuildConfiguration section */

/* Begin XCConfigurationList section */
		790FDC6E1C8396E50081DE8E /* Build configuration list for PBXProject "DrupalAPITester" */ = {
			isa = XCConfigurationList;
			buildConfigurations = (
				790FDC881C8396E50081DE8E /* Debug */,
				790FDC891C8396E50081DE8E /* Release */,
			);
			defaultConfigurationIsVisible = 0;
			defaultConfigurationName = Release;
		};
		790FDC8A1C8396E50081DE8E /* Build configuration list for PBXNativeTarget "DrupalAPITester" */ = {
			isa = XCConfigurationList;
			buildConfigurations = (
				790FDC8B1C8396E50081DE8E /* Debug */,
				790FDC8C1C8396E50081DE8E /* Release */,
			);
			defaultConfigurationIsVisible = 0;
			defaultConfigurationName = Release;
		};
/* End XCConfigurationList section */
	};
	rootObject = 790FDC6B1C8396E50081DE8E /* Project object */;
}
